
Microsoft Visual Studio Solution File, Format Version 12.00
# Visual Studio 15
VisualStudioVersion = 15.0.28307.645
MinimumVisualStudioVersion = 10.0.40219.1
Project("{F184B08F-C81C-45F6-A57F-5ABD9991F28F}") = "AutoCADElectricalSpecifications", "AutoCADElectricalSpecifications\AutoCADElectricalSpecifications.vbproj", "{EA30A508-D0DC-4366-8EC4-5986665710B4}"
EndProject
Global
	GlobalSection(SolutionConfigurationPlatforms) = preSolution
		Debug|Any CPU = Debug|Any CPU
		Debug|x64 = Debug|x64
		Release|Any CPU = Release|Any CPU
		Release|x64 = Release|x64
	EndGlobalSection
	GlobalSection(ProjectConfigurationPlatforms) = postSolution
		{EA30A508-D0DC-4366-8EC4-5986665710B4}.Debug|Any CPU.ActiveCfg = Debug|Any CPU
		{EA30A508-D0DC-4366-8EC4-5986665710B4}.Debug|Any CPU.Build.0 = Debug|Any CPU
		{EA30A508-D0DC-4366-8EC4-5986665710B4}.Debug|x64.ActiveCfg = Debug|x64
		{EA30A508-D0DC-4366-8EC4-5986665710B4}.Debug|x64.Build.0 = Debug|x64
		{EA30A508-D0DC-4366-8EC4-5986665710B4}.Release|Any CPU.ActiveCfg = Release|Any CPU
		{EA30A508-D0DC-4366-8EC4-5986665710B4}.Release|Any CPU.Build.0 = Release|Any CPU
		{EA30A508-D0DC-4366-8EC4-5986665710B4}.Release|x64.ActiveCfg = Release|x64
		{EA30A508-D0DC-4366-8EC4-5986665710B4}.Release|x64.Build.0 = Release|x64
	EndGlobalSection
	GlobalSection(SolutionProperties) = preSolution
		HideSolutionNode = FALSE
	EndGlobalSection
	GlobalSection(ExtensibilityGlobals) = postSolution
		SolutionGuid = {CCC0A3BB-985C-4357-8A73-8CB7026A4845}
	EndGlobalSection
EndGlobal
